
Microsoft Visual Studio Solution File, Format Version 12.00
# Visual Studio Version 16
VisualStudioVersion = 16.0.33529.622
MinimumVisualStudioVersion = 10.0.40219.1
Project("{FAE04EC0-301F-11D3-BF4B-00C04F79EFBC}") = "my-books", "my-books\my-books.csproj", "{553D83C3-6F20-4373-801B-410082B0B7CD}"
EndProject
Global
	GlobalSection(SolutionConfigurationPlatforms) = preSolution
		Debug|Any CPU = Debug|Any CPU
		Release|Any CPU = Release|Any CPU
	EndGlobalSection
	GlobalSection(ProjectConfigurationPlatforms) = postSolution
		{553D83C3-6F20-4373-801B-410082B0B7CD}.Debug|Any CPU.ActiveCfg = Debug|Any CPU
		{553D83C3-6F20-4373-801B-410082B0B7CD}.Debug|Any CPU.Build.0 = Debug|Any CPU
		{553D83C3-6F20-4373-801B-410082B0B7CD}.Release|Any CPU.ActiveCfg = Release|Any CPU
		{553D83C3-6F20-4373-801B-410082B0B7CD}.Release|Any CPU.Build.0 = Release|Any CPU
	EndGlobalSection
	GlobalSection(SolutionProperties) = preSolution
		HideSolutionNode = FALSE
	EndGlobalSection
	GlobalSection(ExtensibilityGlobals) = postSolution
		SolutionGuid = {02002B24-4869-4770-A890-E9A58A6CA6B0}
	EndGlobalSection
EndGlobal
